
Microsoft Visual Studio Solution File, Format Version 12.00
Project("{FAE04EC0-301F-11D3-BF4B-00C04F79EFBC}") = "260827_FirstDestruction", "260827_FirstDestruction\260827_FirstDestruction.csproj", "{A01C0E1C-9CEF-499B-A0B0-C26FE96EB785}"
EndProject
Global
	GlobalSection(SolutionConfigurationPlatforms) = preSolution
		Debug|Any CPU = Debug|Any CPU
		Release|Any CPU = Release|Any CPU
	EndGlobalSection
	GlobalSection(ProjectConfigurationPlatforms) = postSolution
		{A01C0E1C-9CEF-499B-A0B0-C26FE96EB785}.Debug|Any CPU.ActiveCfg = Debug|Any CPU
		{A01C0E1C-9CEF-499B-A0B0-C26FE96EB785}.Debug|Any CPU.Build.0 = Debug|Any CPU
		{A01C0E1C-9CEF-499B-A0B0-C26FE96EB785}.Release|Any CPU.ActiveCfg = Release|Any CPU
		{A01C0E1C-9CEF-499B-A0B0-C26FE96EB785}.Release|Any CPU.Build.0 = Release|Any CPU
	EndGlobalSection
EndGlobal
